
Microsoft Visual Studio Solution File, Format Version 12.00
# Visual Studio Version 17
VisualStudioVersion = 17.12.35707.178
MinimumVisualStudioVersion = 10.0.40219.1
Project("{FAE04EC0-301F-11D3-BF4B-00C04F79EFBC}") = "iggtix", "iggtix\iggtix.csproj", "{76C78E81-ABB8-4EC9-8C99-AD3A1B5AC484}"
EndProject
Project("{FAE04EC0-301F-11D3-BF4B-00C04F79EFBC}") = "iggtix.Interface", "iggtix.Interface\iggtix.Interface.csproj", "{ADA9CF10-E626-498D-9695-F449B6A264E8}"
EndProject
Project("{FAE04EC0-301F-11D3-BF4B-00C04F79EFBC}") = "iggtix.EldenRing", "iggtix.EldenRing\iggtix.EldenRing.csproj", "{0F699D10-35BD-438A-95E4-2BB90113FA7C}"
EndProject
Project("{FAE04EC0-301F-11D3-BF4B-00C04F79EFBC}") = "iggtix.rfc", "iggtix.rfc\iggtix.rfc.csproj", "{6E237935-FE81-4E50-A3FA-0F8C28F6A338}"
EndProject
Project("{FAE04EC0-301F-11D3-BF4B-00C04F79EFBC}") = "iggtix.web", "iggtix.web\iggtix.web.csproj", "{624A9B65-2BFE-4BD6-907B-B4615E8A381E}"
EndProject
Project("{FAE04EC0-301F-11D3-BF4B-00C04F79EFBC}") = "iggtix.CatholicDay", "iggtix.CatholicDay\iggtix.CatholicDay.csproj", "{89517D7A-134A-442D-9D7A-F2A0C93E0D13}"
EndProject
Project("{FAE04EC0-301F-11D3-BF4B-00C04F79EFBC}") = "iggtix.EvilInsult", "iggtix.EvilInsult\iggtix.EvilInsult.csproj", "{F8BB95D0-BF4E-4486-B344-88D3693A55B2}"
EndProject
Global
	GlobalSection(SolutionConfigurationPlatforms) = preSolution
		Debug|Any CPU = Debug|Any CPU
		Release|Any CPU = Release|Any CPU
	EndGlobalSection
	GlobalSection(ProjectConfigurationPlatforms) = postSolution
		{76C78E81-ABB8-4EC9-8C99-AD3A1B5AC484}.Debug|Any CPU.ActiveCfg = Debug|Any CPU
		{76C78E81-ABB8-4EC9-8C99-AD3A1B5AC484}.Debug|Any CPU.Build.0 = Debug|Any CPU
		{76C78E81-ABB8-4EC9-8C99-AD3A1B5AC484}.Release|Any CPU.ActiveCfg = Release|Any CPU
		{76C78E81-ABB8-4EC9-8C99-AD3A1B5AC484}.Release|Any CPU.Build.0 = Release|Any CPU
		{ADA9CF10-E626-498D-9695-F449B6A264E8}.Debug|Any CPU.ActiveCfg = Debug|Any CPU
		{ADA9CF10-E626-498D-9695-F449B6A264E8}.Debug|Any CPU.Build.0 = Debug|Any CPU
		{ADA9CF10-E626-498D-9695-F449B6A264E8}.Release|Any CPU.ActiveCfg = Release|Any CPU
		{ADA9CF10-E626-498D-9695-F449B6A264E8}.Release|Any CPU.Build.0 = Release|Any CPU
		{0F699D10-35BD-438A-95E4-2BB90113FA7C}.Debug|Any CPU.ActiveCfg = Debug|Any CPU
		{0F699D10-35BD-438A-95E4-2BB90113FA7C}.Debug|Any CPU.Build.0 = Debug|Any CPU
		{0F699D10-35BD-438A-95E4-2BB90113FA7C}.Release|Any CPU.ActiveCfg = Release|Any CPU
		{0F699D10-35BD-438A-95E4-2BB90113FA7C}.Release|Any CPU.Build.0 = Release|Any CPU
		{6E237935-FE81-4E50-A3FA-0F8C28F6A338}.Debug|Any CPU.ActiveCfg = Debug|Any CPU
		{6E237935-FE81-4E50-A3FA-0F8C28F6A338}.Debug|Any CPU.Build.0 = Debug|Any CPU
		{6E237935-FE81-4E50-A3FA-0F8C28F6A338}.Release|Any CPU.ActiveCfg = Release|Any CPU
		{6E237935-FE81-4E50-A3FA-0F8C28F6A338}.Release|Any CPU.Build.0 = Release|Any CPU
		{624A9B65-2BFE-4BD6-907B-B4615E8A381E}.Debug|Any CPU.ActiveCfg = Debug|Any CPU
		{624A9B65-2BFE-4BD6-907B-B4615E8A381E}.Debug|Any CPU.Build.0 = Debug|Any CPU
		{624A9B65-2BFE-4BD6-907B-B4615E8A381E}.Release|Any CPU.ActiveCfg = Release|Any CPU
		{624A9B65-2BFE-4BD6-907B-B4615E8A381E}.Release|Any CPU.Build.0 = Release|Any CPU
		{89517D7A-134A-442D-9D7A-F2A0C93E0D13}.Debug|Any CPU.ActiveCfg = Debug|Any CPU
		{89517D7A-134A-442D-9D7A-F2A0C93E0D13}.Debug|Any CPU.Build.0 = Debug|Any CPU
		{89517D7A-134A-442D-9D7A-F2A0C93E0D13}.Release|Any CPU.ActiveCfg = Release|Any CPU
		{89517D7A-134A-442D-9D7A-F2A0C93E0D13}.Release|Any CPU.Build.0 = Release|Any CPU
		{F8BB95D0-BF4E-4486-B344-88D3693A55B2}.Debug|Any CPU.ActiveCfg = Debug|Any CPU
		{F8BB95D0-BF4E-4486-B344-88D3693A55B2}.Debug|Any CPU.Build.0 = Debug|Any CPU
		{F8BB95D0-BF4E-4486-B344-88D3693A55B2}.Release|Any CPU.ActiveCfg = Release|Any CPU
		{F8BB95D0-BF4E-4486-B344-88D3693A55B2}.Release|Any CPU.Build.0 = Release|Any CPU
	EndGlobalSection
	GlobalSection(SolutionProperties) = preSolution
		HideSolutionNode = FALSE
	EndGlobalSection
EndGlobal
